{
  "name": "msexcel-builder",
  "version": "0.3.3",
  "lockfileVersion": 1,
  "requires": true,
  "dependencies": {
    "async": {
      "version": "0.2.10",
      "resolved": "https://registry.npmjs.org/async/-/async-0.2.10.tgz",
      "integrity": "sha1-trvgsGdLnXGXCMo43owjfLUmw9E="
    },
    "jszip": {
      "version": "3.1.2",
      "resolved": "https://registry.npmjs.org/jszip/-/jszip-3.1.2.tgz",
      "integrity": "sha1-LC7AtijoyI0Rn56JvRzU1j/xi5I=",
      "requires": {
        "core-js": "2.3.0",
        "es6-promise": "3.0.2",
        "lie": "3.1.0",
        "pako": "1.0.3",
        "readable-stream": "2.0.6"
      },
      "dependencies": {
        "core-js": {
          "version": "2.3.0",
          "resolved": "https://registry.npmjs.org/core-js/-/core-js-2.3.0.tgz",
          "integrity": "sha1-+rg/uwstjchfpjbEudNMdUIMbWU="
        },
        "es6-promise": {
          "version": "3.0.2",
          "resolved": "https://registry.npmjs.org/es6-promise/-/es6-promise-3.0.2.tgz",
          "integrity": "sha1-AQ1YWEI6XxGJeWZfRkhqlcbuK7Y="
        },
        "lie": {
          "version": "3.1.0",
          "resolved": "https://registry.npmjs.org/lie/-/lie-3.1.0.tgz",
          "integrity": "sha1-ZeATnq75rnkaH1yMU2ksjTtHGPQ=",
          "requires": {
            "immediate": "3.0.6"
          },
          "dependencies": {
            "immediate": {
              "version": "3.0.6",
              "resolved": "https://registry.npmjs.org/immediate/-/immediate-3.0.6.tgz",
              "integrity": "sha1-nbHb0Pr43m++D13V5Wu2BigN5ps="
            }
          }
        },
        "pako": {
          "version": "1.0.3",
          "resolved": "https://registry.npmjs.org/pako/-/pako-1.0.3.tgz",
          "integrity": "sha1-X1FbDGci4ZgpIK6ABerLC3ynPM8="
        },
        "readable-stream": {
          "version": "2.0.6",
          "resolved": "https://registry.npmjs.org/readable-stream/-/readable-stream-2.0.6.tgz",
          "integrity": "sha1-j5A0HmilPMySh4jaz80Rs265t44=",
          "requires": {
            "core-util-is": "1.0.2",
            "inherits": "2.0.3",
            "isarray": "1.0.0",
            "process-nextick-args": "1.0.7",
            "string_decoder": "0.10.31",
            "util-deprecate": "1.0.2"
          },
          "dependencies": {
            "core-util-is": {
              "version": "1.0.2",
              "resolved": "https://registry.npmjs.org/core-util-is/-/core-util-is-1.0.2.tgz",
              "integrity": "sha1-tf1UIgqivFq1eqtxQMlAdUUDwac="
            },
            "inherits": {
              "version": "2.0.3",
              "resolved": "https://registry.npmjs.org/inherits/-/inherits-2.0.3.tgz",
              "integrity": "sha1-Yzwsg+PaQqUC9SRmAiSA9CCCYd4="
            },
            "isarray": {
              "version": "1.0.0",
              "resolved": "https://registry.npmjs.org/isarray/-/isarray-1.0.0.tgz",
              "integrity": "sha1-u5NdSFgsuhaMBoNJV6VKPgcSTxE="
            },
            "process-nextick-args": {
              "version": "1.0.7",
              "resolved": "https://registry.npmjs.org/process-nextick-args/-/process-nextick-args-1.0.7.tgz",
              "integrity": "sha1-FQ4gt1ZZCtP5EJPyWk8q2L/zC6M="
            },
            "string_decoder": {
              "version": "0.10.31",
              "resolved": "https://registry.npmjs.org/string_decoder/-/string_decoder-0.10.31.tgz",
              "integrity": "sha1-YuIDvEF2bGwoyfyEMB2rHFMQ+pQ="
            },
            "util-deprecate": {
              "version": "1.0.2",
              "resolved": "https://registry.npmjs.org/util-deprecate/-/util-deprecate-1.0.2.tgz",
              "integrity": "sha1-RQ1Nyfpw3nMnYvvS1KKJgUGaDM8="
            }
          }
        }
      }
    },
    "xmlbuilder": {
      "version": "9.0.4",
      "resolved": "https://registry.npmjs.org/xmlbuilder/-/xmlbuilder-9.0.4.tgz",
      "integrity": "sha1-UZy0ymhtAFqEINNJbz8MruzKWA8="
    }
  }
}
